
Microsoft Visual Studio Solution File, Format Version 12.00
# Visual Studio Express 15 for Windows Desktop
VisualStudioVersion = 15.0.27703.2000
MinimumVisualStudioVersion = 10.0.40219.1
Project("{FAE04EC0-301F-11D3-BF4B-00C04F79EFBC}") = "TP-Methode3", "TP-Methode3\TP-Methode3.csproj", "{70EDA02E-1057-4689-B2D2-DD2820A19CC2}"
EndProject
Global
	GlobalSection(SolutionConfigurationPlatforms) = preSolution
		Debug|Any CPU = Debug|Any CPU
		Release|Any CPU = Release|Any CPU
	EndGlobalSection
	GlobalSection(ProjectConfigurationPlatforms) = postSolution
		{70EDA02E-1057-4689-B2D2-DD2820A19CC2}.Debug|Any CPU.ActiveCfg = Debug|Any CPU
		{70EDA02E-1057-4689-B2D2-DD2820A19CC2}.Debug|Any CPU.Build.0 = Debug|Any CPU
		{70EDA02E-1057-4689-B2D2-DD2820A19CC2}.Release|Any CPU.ActiveCfg = Release|Any CPU
		{70EDA02E-1057-4689-B2D2-DD2820A19CC2}.Release|Any CPU.Build.0 = Release|Any CPU
	EndGlobalSection
	GlobalSection(SolutionProperties) = preSolution
		HideSolutionNode = FALSE
	EndGlobalSection
	GlobalSection(ExtensibilityGlobals) = postSolution
		SolutionGuid = {BE0B2D30-C266-4B9A-8AB9-1DFBCB82AD70}
	EndGlobalSection
EndGlobal
