
Microsoft Visual Studio Solution File, Format Version 12.00
# Visual Studio Express 15 for Windows Desktop
VisualStudioVersion = 15.0.27703.2000
MinimumVisualStudioVersion = 10.0.40219.1
Project("{FAE04EC0-301F-11D3-BF4B-00C04F79EFBC}") = "TP-Training3", "TP-Training3\TP-Training3.csproj", "{7BD94D73-EB85-4895-8DD2-422DABC8C239}"
EndProject
Global
	GlobalSection(SolutionConfigurationPlatforms) = preSolution
		Debug|Any CPU = Debug|Any CPU
		Release|Any CPU = Release|Any CPU
	EndGlobalSection
	GlobalSection(ProjectConfigurationPlatforms) = postSolution
		{7BD94D73-EB85-4895-8DD2-422DABC8C239}.Debug|Any CPU.ActiveCfg = Debug|Any CPU
		{7BD94D73-EB85-4895-8DD2-422DABC8C239}.Debug|Any CPU.Build.0 = Debug|Any CPU
		{7BD94D73-EB85-4895-8DD2-422DABC8C239}.Release|Any CPU.ActiveCfg = Release|Any CPU
		{7BD94D73-EB85-4895-8DD2-422DABC8C239}.Release|Any CPU.Build.0 = Release|Any CPU
	EndGlobalSection
	GlobalSection(SolutionProperties) = preSolution
		HideSolutionNode = FALSE
	EndGlobalSection
	GlobalSection(ExtensibilityGlobals) = postSolution
		SolutionGuid = {37A8D6B9-71FD-4E85-91F3-D86563DB1065}
	EndGlobalSection
EndGlobal
