
Microsoft Visual Studio Solution File, Format Version 12.00
# Visual Studio Express 15 for Windows Desktop
VisualStudioVersion = 15.0.27703.2000
MinimumVisualStudioVersion = 10.0.40219.1
Project("{FAE04EC0-301F-11D3-BF4B-00C04F79EFBC}") = "Methode(Value)", "Methode(Value)\Methode(Value).csproj", "{011DA465-E3AE-4740-938B-B52C17508BE2}"
EndProject
Global
	GlobalSection(SolutionConfigurationPlatforms) = preSolution
		Debug|Any CPU = Debug|Any CPU
		Release|Any CPU = Release|Any CPU
	EndGlobalSection
	GlobalSection(ProjectConfigurationPlatforms) = postSolution
		{011DA465-E3AE-4740-938B-B52C17508BE2}.Debug|Any CPU.ActiveCfg = Debug|Any CPU
		{011DA465-E3AE-4740-938B-B52C17508BE2}.Debug|Any CPU.Build.0 = Debug|Any CPU
		{011DA465-E3AE-4740-938B-B52C17508BE2}.Release|Any CPU.ActiveCfg = Release|Any CPU
		{011DA465-E3AE-4740-938B-B52C17508BE2}.Release|Any CPU.Build.0 = Release|Any CPU
	EndGlobalSection
	GlobalSection(SolutionProperties) = preSolution
		HideSolutionNode = FALSE
	EndGlobalSection
	GlobalSection(ExtensibilityGlobals) = postSolution
		SolutionGuid = {B65F420C-1715-4CA0-BEAF-B2D0E1E15C0A}
	EndGlobalSection
EndGlobal
